
Microsoft Visual Studio Solution File, Format Version 12.00
# Visual Studio Version 16
VisualStudioVersion = 16.0.29102.190
MinimumVisualStudioVersion = 10.0.40219.1
Project("{9A19103F-16F7-4668-BE54-9A1E7A4F7556}") = "CurrencyReaderApp", "CurrencyReaderApp\CurrencyReaderApp.csproj", "{30D784EF-AAEC-4BA3-B308-78828A2538F9}"
EndProject
Project("{9A19103F-16F7-4668-BE54-9A1E7A4F7556}") = "CurrencyReaderApp.Domain", "CurrencyReaderApp.Domain\CurrencyReaderApp.Domain.csproj", "{69355662-788D-469C-922F-0D6B7D10609F}"
EndProject
Project("{9A19103F-16F7-4668-BE54-9A1E7A4F7556}") = "CurrencyReaderApp.Model", "CurrencyReaderApp.Model\CurrencyReaderApp.Model.csproj", "{4C8BBD75-9B7A-4304-8ADA-D54EA18C20C8}"
EndProject
Project("{FAE04EC0-301F-11D3-BF4B-00C04F79EFBC}") = "CurrencyRaeaderApp.Tests", "CurrencyRaeaderApp.Tests\CurrencyRaeaderApp.Tests.csproj", "{EC6E6F0A-0415-46D1-8EF7-A4F1B1ACEB96}"
EndProject
Global
	GlobalSection(SolutionConfigurationPlatforms) = preSolution
		Debug|Any CPU = Debug|Any CPU
		Release|Any CPU = Release|Any CPU
	EndGlobalSection
	GlobalSection(ProjectConfigurationPlatforms) = postSolution
		{30D784EF-AAEC-4BA3-B308-78828A2538F9}.Debug|Any CPU.ActiveCfg = Debug|Any CPU
		{30D784EF-AAEC-4BA3-B308-78828A2538F9}.Debug|Any CPU.Build.0 = Debug|Any CPU
		{30D784EF-AAEC-4BA3-B308-78828A2538F9}.Release|Any CPU.ActiveCfg = Release|Any CPU
		{30D784EF-AAEC-4BA3-B308-78828A2538F9}.Release|Any CPU.Build.0 = Release|Any CPU
		{69355662-788D-469C-922F-0D6B7D10609F}.Debug|Any CPU.ActiveCfg = Debug|Any CPU
		{69355662-788D-469C-922F-0D6B7D10609F}.Debug|Any CPU.Build.0 = Debug|Any CPU
		{69355662-788D-469C-922F-0D6B7D10609F}.Release|Any CPU.ActiveCfg = Release|Any CPU
		{69355662-788D-469C-922F-0D6B7D10609F}.Release|Any CPU.Build.0 = Release|Any CPU
		{4C8BBD75-9B7A-4304-8ADA-D54EA18C20C8}.Debug|Any CPU.ActiveCfg = Debug|Any CPU
		{4C8BBD75-9B7A-4304-8ADA-D54EA18C20C8}.Debug|Any CPU.Build.0 = Debug|Any CPU
		{4C8BBD75-9B7A-4304-8ADA-D54EA18C20C8}.Release|Any CPU.ActiveCfg = Release|Any CPU
		{4C8BBD75-9B7A-4304-8ADA-D54EA18C20C8}.Release|Any CPU.Build.0 = Release|Any CPU
		{EC6E6F0A-0415-46D1-8EF7-A4F1B1ACEB96}.Debug|Any CPU.ActiveCfg = Debug|Any CPU
		{EC6E6F0A-0415-46D1-8EF7-A4F1B1ACEB96}.Debug|Any CPU.Build.0 = Debug|Any CPU
		{EC6E6F0A-0415-46D1-8EF7-A4F1B1ACEB96}.Release|Any CPU.ActiveCfg = Release|Any CPU
		{EC6E6F0A-0415-46D1-8EF7-A4F1B1ACEB96}.Release|Any CPU.Build.0 = Release|Any CPU
	EndGlobalSection
	GlobalSection(SolutionProperties) = preSolution
		HideSolutionNode = FALSE
	EndGlobalSection
	GlobalSection(ExtensibilityGlobals) = postSolution
		SolutionGuid = {025471E0-4798-417D-85FF-CBA61B323194}
	EndGlobalSection
EndGlobal
