
Microsoft Visual Studio Solution File, Format Version 12.00
# Visual Studio 15
VisualStudioVersion = 15.0.28307.757
MinimumVisualStudioVersion = 10.0.40219.1
Project("{9A19103F-16F7-4668-BE54-9A1E7A4F7556}") = "Saritasa.UnrealEstate.Web", "Saritasa.UnrealEstate.Web\Saritasa.UnrealEstate.Web.csproj", "{27906C64-71D5-4598-88AF-EF28E26BA685}"
EndProject
Project("{9A19103F-16F7-4668-BE54-9A1E7A4F7556}") = "Saritasa.UnrealEstate.Domain", "Saritasa.UnrealEstate.Domain\Saritasa.UnrealEstate.Domain.csproj", "{983B9A89-D1D5-4BC9-8691-C0FF2CFFC18B}"
EndProject
Project("{9A19103F-16F7-4668-BE54-9A1E7A4F7556}") = "Saritasa.UnrealEstate.DataAccess", "Saritasa.UnrealEstate.DataAccess\Saritasa.UnrealEstate.DataAccess.csproj", "{1809EA92-3860-46AD-978E-CF43C4E3BD89}"
EndProject
Global
	GlobalSection(SolutionConfigurationPlatforms) = preSolution
		Debug|Any CPU = Debug|Any CPU
		Release|Any CPU = Release|Any CPU
	EndGlobalSection
	GlobalSection(ProjectConfigurationPlatforms) = postSolution
		{27906C64-71D5-4598-88AF-EF28E26BA685}.Debug|Any CPU.ActiveCfg = Debug|Any CPU
		{27906C64-71D5-4598-88AF-EF28E26BA685}.Debug|Any CPU.Build.0 = Debug|Any CPU
		{27906C64-71D5-4598-88AF-EF28E26BA685}.Release|Any CPU.ActiveCfg = Release|Any CPU
		{27906C64-71D5-4598-88AF-EF28E26BA685}.Release|Any CPU.Build.0 = Release|Any CPU
		{983B9A89-D1D5-4BC9-8691-C0FF2CFFC18B}.Debug|Any CPU.ActiveCfg = Debug|Any CPU
		{983B9A89-D1D5-4BC9-8691-C0FF2CFFC18B}.Debug|Any CPU.Build.0 = Debug|Any CPU
		{983B9A89-D1D5-4BC9-8691-C0FF2CFFC18B}.Release|Any CPU.ActiveCfg = Release|Any CPU
		{983B9A89-D1D5-4BC9-8691-C0FF2CFFC18B}.Release|Any CPU.Build.0 = Release|Any CPU
		{1809EA92-3860-46AD-978E-CF43C4E3BD89}.Debug|Any CPU.ActiveCfg = Debug|Any CPU
		{1809EA92-3860-46AD-978E-CF43C4E3BD89}.Debug|Any CPU.Build.0 = Debug|Any CPU
		{1809EA92-3860-46AD-978E-CF43C4E3BD89}.Release|Any CPU.ActiveCfg = Release|Any CPU
		{1809EA92-3860-46AD-978E-CF43C4E3BD89}.Release|Any CPU.Build.0 = Release|Any CPU
	EndGlobalSection
	GlobalSection(SolutionProperties) = preSolution
		HideSolutionNode = FALSE
	EndGlobalSection
	GlobalSection(ExtensibilityGlobals) = postSolution
		SolutionGuid = {E59BD7CB-FB37-4E1F-92BF-0A4631A1EAD9}
	EndGlobalSection
EndGlobal
